
Microsoft Visual Studio Solution File, Format Version 12.00
# Visual Studio Version 16
VisualStudioVersion = 16.6.30114.105
MinimumVisualStudioVersion = 10.0.40219.1
Project("{2150E333-8FDC-42A3-9474-1A3956D46DE8}") = "services", "services", "{AE2DE849-325C-446E-A730-7993A912EB3E}"
EndProject
Project("{FAE04EC0-301F-11D3-BF4B-00C04F79EFBC}") = "mrss.api", "services\mrss.api\mrss.api.csproj", "{F7BD9C39-BB84-4364-8718-03953FFA3CC2}"
EndProject
Global
	GlobalSection(SolutionConfigurationPlatforms) = preSolution
		Debug|Any CPU = Debug|Any CPU
		Debug|x64 = Debug|x64
		Debug|x86 = Debug|x86
		Release|Any CPU = Release|Any CPU
		Release|x64 = Release|x64
		Release|x86 = Release|x86
	EndGlobalSection
	GlobalSection(SolutionProperties) = preSolution
		HideSolutionNode = FALSE
	EndGlobalSection
	GlobalSection(ProjectConfigurationPlatforms) = postSolution
		{F7BD9C39-BB84-4364-8718-03953FFA3CC2}.Debug|Any CPU.ActiveCfg = Debug|Any CPU
		{F7BD9C39-BB84-4364-8718-03953FFA3CC2}.Debug|Any CPU.Build.0 = Debug|Any CPU
		{F7BD9C39-BB84-4364-8718-03953FFA3CC2}.Debug|x64.ActiveCfg = Debug|Any CPU
		{F7BD9C39-BB84-4364-8718-03953FFA3CC2}.Debug|x64.Build.0 = Debug|Any CPU
		{F7BD9C39-BB84-4364-8718-03953FFA3CC2}.Debug|x86.ActiveCfg = Debug|Any CPU
		{F7BD9C39-BB84-4364-8718-03953FFA3CC2}.Debug|x86.Build.0 = Debug|Any CPU
		{F7BD9C39-BB84-4364-8718-03953FFA3CC2}.Release|Any CPU.ActiveCfg = Release|Any CPU
		{F7BD9C39-BB84-4364-8718-03953FFA3CC2}.Release|Any CPU.Build.0 = Release|Any CPU
		{F7BD9C39-BB84-4364-8718-03953FFA3CC2}.Release|x64.ActiveCfg = Release|Any CPU
		{F7BD9C39-BB84-4364-8718-03953FFA3CC2}.Release|x64.Build.0 = Release|Any CPU
		{F7BD9C39-BB84-4364-8718-03953FFA3CC2}.Release|x86.ActiveCfg = Release|Any CPU
		{F7BD9C39-BB84-4364-8718-03953FFA3CC2}.Release|x86.Build.0 = Release|Any CPU
	EndGlobalSection
	GlobalSection(NestedProjects) = preSolution
		{F7BD9C39-BB84-4364-8718-03953FFA3CC2} = {AE2DE849-325C-446E-A730-7993A912EB3E}
	EndGlobalSection
EndGlobal
